
Microsoft Visual Studio Solution File, Format Version 12.00
# Visual Studio Version 17
VisualStudioVersion = 17.13.35931.197
MinimumVisualStudioVersion = 10.0.40219.1
Project("{2150E333-8FDC-42A3-9474-1A3956D46DE8}") = "info", "info", "{02EA681E-C7D8-13C7-8484-4AC65E1B71E8}"
	ProjectSection(SolutionItems) = preProject
		.vscode\mcp.json = .vscode\mcp.json
		weather-mcp-server\readme.md = weather-mcp-server\readme.md
	EndProjectSection
EndProject
Project("{FAE04EC0-301F-11D3-BF4B-00C04F79EFBC}") = "mcp_client", "mcp-client\mcp_client.csproj", "{DDFECC14-9A7A-4A91-B3DA-8DEC6ADB644F}"
EndProject
Project("{FAE04EC0-301F-11D3-BF4B-00C04F79EFBC}") = "mcp-shared", "mcp-shared\mcp-shared.csproj", "{0A9F97C1-912B-42CC-9BBB-68E91BC8879C}"
EndProject
Project("{FAE04EC0-301F-11D3-BF4B-00C04F79EFBC}") = "mcp_client_sk", "mcp-client-sk\mcp_client_sk.csproj", "{18CE16DB-3EF1-4FF2-916A-082265311DC2}"
EndProject
Project("{FAE04EC0-301F-11D3-BF4B-00C04F79EFBC}") = "weathermcpserver", "weather-mcp-server\weather-mcp-server\weathermcpserver.csproj", "{CD540063-EFEF-BAFE-FF4B-F5AB76D4F562}"
EndProject
Project("{FAE04EC0-301F-11D3-BF4B-00C04F79EFBC}") = "McpServerConsoleApp", "McpServerConsoleApp\McpServerConsoleApp.csproj", "{957E3AA4-2B34-06A7-CF98-0B117183BCCA}"
EndProject
Global
	GlobalSection(SolutionConfigurationPlatforms) = preSolution
		Debug|Any CPU = Debug|Any CPU
		Release|Any CPU = Release|Any CPU
	EndGlobalSection
	GlobalSection(ProjectConfigurationPlatforms) = postSolution
		{DDFECC14-9A7A-4A91-B3DA-8DEC6ADB644F}.Debug|Any CPU.ActiveCfg = Debug|Any CPU
		{DDFECC14-9A7A-4A91-B3DA-8DEC6ADB644F}.Debug|Any CPU.Build.0 = Debug|Any CPU
		{DDFECC14-9A7A-4A91-B3DA-8DEC6ADB644F}.Release|Any CPU.ActiveCfg = Release|Any CPU
		{DDFECC14-9A7A-4A91-B3DA-8DEC6ADB644F}.Release|Any CPU.Build.0 = Release|Any CPU
		{0A9F97C1-912B-42CC-9BBB-68E91BC8879C}.Debug|Any CPU.ActiveCfg = Debug|Any CPU
		{0A9F97C1-912B-42CC-9BBB-68E91BC8879C}.Debug|Any CPU.Build.0 = Debug|Any CPU
		{0A9F97C1-912B-42CC-9BBB-68E91BC8879C}.Release|Any CPU.ActiveCfg = Release|Any CPU
		{0A9F97C1-912B-42CC-9BBB-68E91BC8879C}.Release|Any CPU.Build.0 = Release|Any CPU
		{18CE16DB-3EF1-4FF2-916A-082265311DC2}.Debug|Any CPU.ActiveCfg = Debug|Any CPU
		{18CE16DB-3EF1-4FF2-916A-082265311DC2}.Debug|Any CPU.Build.0 = Debug|Any CPU
		{18CE16DB-3EF1-4FF2-916A-082265311DC2}.Release|Any CPU.ActiveCfg = Release|Any CPU
		{18CE16DB-3EF1-4FF2-916A-082265311DC2}.Release|Any CPU.Build.0 = Release|Any CPU
		{CD540063-EFEF-BAFE-FF4B-F5AB76D4F562}.Debug|Any CPU.ActiveCfg = Debug|Any CPU
		{CD540063-EFEF-BAFE-FF4B-F5AB76D4F562}.Debug|Any CPU.Build.0 = Debug|Any CPU
		{CD540063-EFEF-BAFE-FF4B-F5AB76D4F562}.Release|Any CPU.ActiveCfg = Release|Any CPU
		{CD540063-EFEF-BAFE-FF4B-F5AB76D4F562}.Release|Any CPU.Build.0 = Release|Any CPU
		{957E3AA4-2B34-06A7-CF98-0B117183BCCA}.Debug|Any CPU.ActiveCfg = Debug|Any CPU
		{957E3AA4-2B34-06A7-CF98-0B117183BCCA}.Debug|Any CPU.Build.0 = Debug|Any CPU
		{957E3AA4-2B34-06A7-CF98-0B117183BCCA}.Release|Any CPU.ActiveCfg = Release|Any CPU
		{957E3AA4-2B34-06A7-CF98-0B117183BCCA}.Release|Any CPU.Build.0 = Release|Any CPU
	EndGlobalSection
	GlobalSection(SolutionProperties) = preSolution
		HideSolutionNode = FALSE
	EndGlobalSection
	GlobalSection(ExtensibilityGlobals) = postSolution
		SolutionGuid = {2325DE73-0966-4360-88BE-3635B930A0DA}
	EndGlobalSection
EndGlobal
